
Microsoft Visual Studio Solution File, Format Version 12.00
# Visual Studio Version 16
VisualStudioVersion = 16.0.29806.167
MinimumVisualStudioVersion = 10.0.40219.1
Project("{FAE04EC0-301F-11D3-BF4B-00C04F79EFBC}") = "BluePrism Technical Test", "BluePrism Technical Test\BluePrism Technical Test.csproj", "{30239DED-F436-4A86-833C-2CB636651409}"
EndProject
Global
	GlobalSection(SolutionConfigurationPlatforms) = preSolution
		Debug|Any CPU = Debug|Any CPU
		Release|Any CPU = Release|Any CPU
	EndGlobalSection
	GlobalSection(ProjectConfigurationPlatforms) = postSolution
		{30239DED-F436-4A86-833C-2CB636651409}.Debug|Any CPU.ActiveCfg = Debug|Any CPU
		{30239DED-F436-4A86-833C-2CB636651409}.Debug|Any CPU.Build.0 = Debug|Any CPU
		{30239DED-F436-4A86-833C-2CB636651409}.Release|Any CPU.ActiveCfg = Release|Any CPU
		{30239DED-F436-4A86-833C-2CB636651409}.Release|Any CPU.Build.0 = Release|Any CPU
	EndGlobalSection
	GlobalSection(SolutionProperties) = preSolution
		HideSolutionNode = FALSE
	EndGlobalSection
	GlobalSection(ExtensibilityGlobals) = postSolution
		SolutionGuid = {418D5B0F-B79A-4888-B021-5D256B9912C8}
	EndGlobalSection
EndGlobal
